%{
  "circuits_i2c": {:hex, :circuits_i2c, "0.3.9", "746a599ac06f8d31572143a8c51e1bc787246c173669940dc23e078907fb13e1", [:make, :mix], [{:elixir_make, "~> 0.6", [hex: :elixir_make, repo: "hexpm", optional: false]}], "hexpm", "c6d75387637a4fbae77cf37af45000fe23763eb8104cc50e7aae532bec46e91d"},
  "elixir_make": {:hex, :elixir_make, "0.7.7", "7128c60c2476019ed978210c245badf08b03dbec4f24d05790ef791da11aa17c", [:mix], [{:castore, "~> 0.1 or ~> 1.0", [hex: :castore, repo: "hexpm", optional: true]}], "hexpm", "5bc19fff950fad52bbe5f211b12db9ec82c6b34a9647da0c2224b8b8464c7e6c"},
}
